// !$*UTF8*$!
{
	archiveVersion = 1;
	classes = {
	};
	objectVersion = 46;
	objects = {

/* Begin PBXBuildFile section */
		0298985F1F185ADD00AD3A0B /* MBProgressHUD.swift in Sources */ = {isa = PBXBuildFile; fileRef = 0298985C1F185ADD00AD3A0B /* MBProgressHUD.swift */; };
		029898601F185ADD00AD3A0B /* ProgressHUD+Extension.swift in Sources */ = {isa = PBXBuildFile; fileRef = 0298985D1F185ADD00AD3A0B /* ProgressHUD+Extension.swift */; };
		029898611F185ADD00AD3A0B /* ProgressHUD.bundle in Resources */ = {isa = PBXBuildFile; fileRef = 0298985E1F185ADD00AD3A0B /* ProgressHUD.bundle */; };
		02B680841F174A2000DB7E42 /* AppDelegate.swift in Sources */ = {isa = PBXBuildFile; fileRef = 02B680831F174A2000DB7E42 /* AppDelegate.swift */; };
		02B680861F174A2000DB7E42 /* ViewController.swift in Sources */ = {isa = PBXBuildFile; fileRef = 02B680851F174A2000DB7E42 /* ViewController.swift */; };
		02B680891F174A2000DB7E42 /* Main.storyboard in Resources */ = {isa = PBXBuildFile; fileRef = 02B680871F174A2000DB7E42 /* Main.storyboard */; };
		02B6808B1F174A2000DB7E42 /* Assets.xcassets in Resources */ = {isa = PBXBuildFile; fileRef = 02B6808A1F174A2000DB7E42 /* Assets.xcassets */; };
		02B6808E1F174A2000DB7E42 /* LaunchScreen.storyboard in Resources */ = {isa = PBXBuildFile; fileRef = 02B6808C1F174A2000DB7E42 /* LaunchScreen.storyboard */; };
/* End PBXBuildFile section */

/* Begin PBXCopyFilesBuildPhase section */
		02444AD31F174C7F0014A626 /* Embed Frameworks */ = {
			isa = PBXCopyFilesBuildPhase;
			buildActionMask = 2147483647;
			dstPath = "";
			dstSubfolderSpec = 10;
			files = (
			);
			name = "Embed Frameworks";
			runOnlyForDeploymentPostprocessing = 0;
		};
/* End PBXCopyFilesBuildPhase section */

/* Begin PBXFileReference section */
		02444AD41F174CA90014A626 /* Demo-Bridging-Header.h */ = {isa = PBXFileReference; lastKnownFileType = sourcecode.c.h; path = "Demo-Bridging-Header.h"; sourceTree = "<group>"; };
		0298985C1F185ADD00AD3A0B /* MBProgressHUD.swift */ = {isa = PBXFileReference; fileEncoding = 4; lastKnownFileType = sourcecode.swift; path = MBProgressHUD.swift; sourceTree = "<group>"; };
		0298985D1F185ADD00AD3A0B /* ProgressHUD+Extension.swift */ = {isa = PBXFileReference; fileEncoding = 4; lastKnownFileType = sourcecode.swift; path = "ProgressHUD+Extension.swift"; sourceTree = "<group>"; };
		0298985E1F185ADD00AD3A0B /* ProgressHUD.bundle */ = {isa = PBXFileReference; lastKnownFileType = "wrapper.plug-in"; path = ProgressHUD.bundle; sourceTree = "<group>"; };
		02B680801F174A2000DB7E42 /* Demo.app */ = {isa = PBXFileReference; explicitFileType = wrapper.application; includeInIndex = 0; path = Demo.app; sourceTree = BUILT_PRODUCTS_DIR; };
		02B680831F174A2000DB7E42 /* AppDelegate.swift */ = {isa = PBXFileReference; lastKnownFileType = sourcecode.swift; path = AppDelegate.swift; sourceTree = "<group>"; };
		02B680851F174A2000DB7E42 /* ViewController.swift */ = {isa = PBXFileReference; lastKnownFileType = sourcecode.swift; path = ViewController.swift; sourceTree = "<group>"; };
		02B680881F174A2000DB7E42 /* Base */ = {isa = PBXFileReference; lastKnownFileType = file.storyboard; name = Base; path = Base.lproj/Main.storyboard; sourceTree = "<group>"; };
		02B6808A1F174A2000DB7E42 /* Assets.xcassets */ = {isa = PBXFileReference; lastKnownFileType = folder.assetcatalog; path = Assets.xcassets; sourceTree = "<group>"; };
		02B6808D1F174A2000DB7E42 /* Base */ = {isa = PBXFileReference; lastKnownFileType = file.storyboard; name = Base; path = Base.lproj/LaunchScreen.storyboard; sourceTree = "<group>"; };
		02B6808F1F174A2000DB7E42 /* Info.plist */ = {isa = PBXFileReference; lastKnownFileType = text.plist.xml; path = Info.plist; sourceTree = "<group>"; };
/* End PBXFileReference section */

/* Begin PBXFrameworksBuildPhase section */
		02B6807D1F174A2000DB7E42 /* Frameworks */ = {
			isa = PBXFrameworksBuildPhase;
			buildActionMask = 2147483647;
			files = (
			);
			runOnlyForDeploymentPostprocessing = 0;
		};
/* End PBXFrameworksBuildPhase section */

/* Begin PBXGroup section */
		0298985B1F185ADD00AD3A0B /* lib */ = {
			isa = PBXGroup;
			children = (
				0298985C1F185ADD00AD3A0B /* MBProgressHUD.swift */,
				0298985D1F185ADD00AD3A0B /* ProgressHUD+Extension.swift */,
				0298985E1F185ADD00AD3A0B /* ProgressHUD.bundle */,
			);
			path = lib;
			sourceTree = "<group>";
		};
		02B680771F174A2000DB7E42 = {
			isa = PBXGroup;
			children = (
				02B680821F174A2000DB7E42 /* Demo */,
				02B680811F174A2000DB7E42 /* Products */,
			);
			sourceTree = "<group>";
		};
		02B680811F174A2000DB7E42 /* Products */ = {
			isa = PBXGroup;
			children = (
				02B680801F174A2000DB7E42 /* Demo.app */,
			);
			name = Products;
			sourceTree = "<group>";
		};
		02B680821F174A2000DB7E42 /* Demo */ = {
			isa = PBXGroup;
			children = (
				0298985B1F185ADD00AD3A0B /* lib */,
				02B680831F174A2000DB7E42 /* AppDelegate.swift */,
				02B680851F174A2000DB7E42 /* ViewController.swift */,
				02B680871F174A2000DB7E42 /* Main.storyboard */,
				02B6808A1F174A2000DB7E42 /* Assets.xcassets */,
				02B6808C1F174A2000DB7E42 /* LaunchScreen.storyboard */,
				02B6808F1F174A2000DB7E42 /* Info.plist */,
				02444AD41F174CA90014A626 /* Demo-Bridging-Header.h */,
			);
			path = Demo;
			sourceTree = "<group>";
		};
/* End PBXGroup section */

/* Begin PBXNativeTarget section */
		02B6807F1F174A2000DB7E42 /* Demo */ = {
			isa = PBXNativeTarget;
			buildConfigurationList = 02B680921F174A2000DB7E42 /* Build configuration list for PBXNativeTarget "Demo" */;
			buildPhases = (
				02B6807C1F174A2000DB7E42 /* Sources */,
				02B6807D1F174A2000DB7E42 /* Frameworks */,
				02B6807E1F174A2000DB7E42 /* Resources */,
				02444AD31F174C7F0014A626 /* Embed Frameworks */,
			);
			buildRules = (
			);
			dependencies = (
			);
			name = Demo;
			productName = Demo;
			productReference = 02B680801F174A2000DB7E42 /* Demo.app */;
			productType = "com.apple.product-type.application";
		};
/* End PBXNativeTarget section */

/* Begin PBXProject section */
		02B680781F174A2000DB7E42 /* Project object */ = {
			isa = PBXProject;
			attributes = {
				LastSwiftUpdateCheck = 0830;
				LastUpgradeCheck = 0830;
				ORGANIZATIONNAME = "ZhiHua Shen";
				TargetAttributes = {
					02B6807F1F174A2000DB7E42 = {
						CreatedOnToolsVersion = 8.3.3;
						DevelopmentTeam = S2PRN5RUXV;
						LastSwiftMigration = 0830;
						ProvisioningStyle = Automatic;
					};
				};
			};
			buildConfigurationList = 02B6807B1F174A2000DB7E42 /* Build configuration list for PBXProject "Demo" */;
			compatibilityVersion = "Xcode 3.2";
			developmentRegion = English;
			hasScannedForEncodings = 0;
			knownRegions = (
				en,
				Base,
			);
			mainGroup = 02B680771F174A2000DB7E42;
			productRefGroup = 02B680811F174A2000DB7E42 /* Products */;
			projectDirPath = "";
			projectRoot = "";
			targets = (
				02B6807F1F174A2000DB7E42 /* Demo */,
			);
		};
/* End PBXProject section */

/* Begin PBXResourcesBuildPhase section */
		02B6807E1F174A2000DB7E42 /* Resources */ = {
			isa = PBXResourcesBuildPhase;
			buildActionMask = 2147483647;
			files = (
				029898611F185ADD00AD3A0B /* ProgressHUD.bundle in Resources */,
				02B6808E1F174A2000DB7E42 /* LaunchScreen.storyboard in Resources */,
				02B6808B1F174A2000DB7E42 /* Assets.xcassets in Resources */,
				02B680891F174A2000DB7E42 /* Main.storyboard in Resources */,
			);
			runOnlyForDeploymentPostprocessing = 0;
		};
/* End PBXResourcesBuildPhase section */

/* Begin PBXSourcesBuildPhase section */
		02B6807C1F174A2000DB7E42 /* Sources */ = {
			isa = PBXSourcesBuildPhase;
			buildActionMask = 2147483647;
			files = (
				029898601F185ADD00AD3A0B /* ProgressHUD+Extension.swift in Sources */,
				02B680861F174A2000DB7E42 /* ViewController.swift in Sources */,
				0298985F1F185ADD00AD3A0B /* MBProgressHUD.swift in Sources */,
				02B680841F174A2000DB7E42 /* AppDelegate.swift in Sources */,
			);
			runOnlyForDeploymentPostprocessing = 0;
		};
/* End PBXSourcesBuildPhase section */

/* Begin PBXVariantGroup section */
		02B680871F174A2000DB7E42 /* Main.storyboard */ = {
			isa = PBXVariantGroup;
			children = (
				02B680881F174A2000DB7E42 /* Base */,
			);
			name = Main.storyboard;
			sourceTree = "<group>";
		};
		02B6808C1F174A2000DB7E42 /* LaunchScreen.storyboard */ = {
			isa = PBXVariantGroup;
			children = (
				02B6808D1F174A2000DB7E42 /* Base */,
			);
			name = LaunchScreen.storyboard;
			sourceTree = "<group>";
		};
/* End PBXVariantGroup section */

/* Begin XCBuildConfiguration section */
		02B680901F174A2000DB7E42 /* Debug */ = {
			isa = XCBuildConfiguration;
			buildSettings = {
				ALWAYS_SEARCH_USER_PATHS = NO;
				CLANG_ANALYZER_NONNULL = YES;
				CLANG_ANALYZER_NUMBER_OBJECT_CONVERSION = YES_AGGRESSIVE;
				CLANG_CXX_LANGUAGE_STANDARD = "gnu++0x";
				CLANG_CXX_LIBRARY = "libc++";
				CLANG_ENABLE_MODULES = YES;
				CLANG_ENABLE_OBJC_ARC = YES;
				CLANG_WARN_BOOL_CONVERSION = YES;
				CLANG_WARN_CONSTANT_CONVERSION = YES;
				CLANG_WARN_DIRECT_OBJC_ISA_USAGE = YES_ERROR;
				CLANG_WARN_DOCUMENTATION_COMMENTS = YES;
				CLANG_WARN_EMPTY_BODY = YES;
				CLANG_WARN_ENUM_CONVERSION = YES;
				CLANG_WARN_INFINITE_RECURSION = YES;
				CLANG_WARN_INT_CONVERSION = YES;
				CLANG_WARN_OBJC_ROOT_CLASS = YES_ERROR;
				CLANG_WARN_SUSPICIOUS_MOVE = YES;
				CLANG_WARN_UNREACHABLE_CODE = YES;
				CLANG_WARN__DUPLICATE_METHOD_MATCH = YES;
				"CODE_SIGN_IDENTITY[sdk=iphoneos*]" = "iPhone Developer";
				COPY_PHASE_STRIP = NO;
				DEBUG_INFORMATION_FORMAT = dwarf;
				ENABLE_STRICT_OBJC_MSGSEND = YES;
				ENABLE_TESTABILITY = YES;
				GCC_C_LANGUAGE_STANDARD = gnu99;
				GCC_DYNAMIC_NO_PIC = NO;
				GCC_NO_COMMON_BLOCKS = YES;
				GCC_OPTIMIZATION_LEVEL = 0;
				GCC_PREPROCESSOR_DEFINITIONS = (
					"DEBUG=1",
					"$(inherited)",
				);
				GCC_WARN_64_TO_32_BIT_CONVERSION = YES;
				GCC_WARN_ABOUT_RETURN_TYPE = YES_ERROR;
				GCC_WARN_UNDECLARED_SELECTOR = YES;
				GCC_WARN_UNINITIALIZED_AUTOS = YES_AGGRESSIVE;
				GCC_WARN_UNUSED_FUNCTION = YES;
				GCC_WARN_UNUSED_VARIABLE = YES;
				IPHONEOS_DEPLOYMENT_TARGET = 10.3;
				MTL_ENABLE_DEBUG_INFO = YES;
				ONLY_ACTIVE_ARCH = YES;
				SDKROOT = iphoneos;
				SWIFT_ACTIVE_COMPILATION_CONDITIONS = DEBUG;
				SWIFT_OPTIMIZATION_LEVEL = "-Onone";
				TARGETED_DEVICE_FAMILY = "1,2";
			};
			name = Debug;
		};
		02B680911F174A2000DB7E42 /* Release */ = {
			isa = XCBuildConfiguration;
			buildSettings = {
				ALWAYS_SEARCH_USER_PATHS = NO;
				CLANG_ANALYZER_NONNULL = YES;
				CLANG_ANALYZER_NUMBER_OBJECT_CONVERSION = YES_AGGRESSIVE;
				CLANG_CXX_LANGUAGE_STANDARD = "gnu++0x";
				CLANG_CXX_LIBRARY = "libc++";
				CLANG_ENABLE_MODULES = YES;
				CLANG_ENABLE_OBJC_ARC = YES;
				CLANG_WARN_BOOL_CONVERSION = YES;
				CLANG_WARN_CONSTANT_CONVERSION = YES;
				CLANG_WARN_DIRECT_OBJC_ISA_USAGE = YES_ERROR;
				CLANG_WARN_DOCUMENTATION_COMMENTS = YES;
				CLANG_WARN_EMPTY_BODY = YES;
				CLANG_WARN_ENUM_CONVERSION = YES;
				CLANG_WARN_INFINITE_RECURSION = YES;
				CLANG_WARN_INT_CONVERSION = YES;
				CLANG_WARN_OBJC_ROOT_CLASS = YES_ERROR;
				CLANG_WARN_SUSPICIOUS_MOVE = YES;
				CLANG_WARN_UNREACHABLE_CODE = YES;
				CLANG_WARN__DUPLICATE_METHOD_MATCH = YES;
				"CODE_SIGN_IDENTITY[sdk=iphoneos*]" = "iPhone Developer";
				COPY_PHASE_STRIP = NO;
				DEBUG_INFORMATION_FORMAT = "dwarf-with-dsym";
				ENABLE_NS_ASSERTIONS = NO;
				ENABLE_STRICT_OBJC_MSGSEND = YES;
				GCC_C_LANGUAGE_STANDARD = gnu99;
				GCC_NO_COMMON_BLOCKS = YES;
				GCC_WARN_64_TO_32_BIT_CONVERSION = YES;
				GCC_WARN_ABOUT_RETURN_TYPE = YES_ERROR;
				GCC_WARN_UNDECLARED_SELECTOR = YES;
				GCC_WARN_UNINITIALIZED_AUTOS = YES_AGGRESSIVE;
				GCC_WARN_UNUSED_FUNCTION = YES;
				GCC_WARN_UNUSED_VARIABLE = YES;
				IPHONEOS_DEPLOYMENT_TARGET = 10.3;
				MTL_ENABLE_DEBUG_INFO = NO;
				SDKROOT = iphoneos;
				SWIFT_OPTIMIZATION_LEVEL = "-Owholemodule";
				TARGETED_DEVICE_FAMILY = "1,2";
				VALIDATE_PRODUCT = YES;
			};
			name = Release;
		};
		02B680931F174A2000DB7E42 /* Debug */ = {
			isa = XCBuildConfiguration;
			buildSettings = {
				ALWAYS_EMBED_SWIFT_STANDARD_LIBRARIES = YES;
				ASSETCATALOG_COMPILER_APPICON_NAME = AppIcon;
				CLANG_ENABLE_MODULES = YES;
				DEVELOPMENT_TEAM = S2PRN5RUXV;
				INFOPLIST_FILE = Demo/Info.plist;
				LD_RUNPATH_SEARCH_PATHS = "$(inherited) @executable_path/Frameworks";
				PRODUCT_BUNDLE_IDENTIFIER = com.gangmian.Demo;
				PRODUCT_NAME = "$(TARGET_NAME)";
				SWIFT_OBJC_BRIDGING_HEADER = "Demo/Demo-Bridging-Header.h";
				SWIFT_OPTIMIZATION_LEVEL = "-Onone";
				SWIFT_VERSION = 3.0;
			};
			name = Debug;
		};
		02B680941F174A2000DB7E42 /* Release */ = {
			isa = XCBuildConfiguration;
			buildSettings = {
				ALWAYS_EMBED_SWIFT_STANDARD_LIBRARIES = YES;
				ASSETCATALOG_COMPILER_APPICON_NAME = AppIcon;
				CLANG_ENABLE_MODULES = YES;
				DEVELOPMENT_TEAM = S2PRN5RUXV;
				INFOPLIST_FILE = Demo/Info.plist;
				LD_RUNPATH_SEARCH_PATHS = "$(inherited) @executable_path/Frameworks";
				PRODUCT_BUNDLE_IDENTIFIER = com.gangmian.Demo;
				PRODUCT_NAME = "$(TARGET_NAME)";
				SWIFT_OBJC_BRIDGING_HEADER = "Demo/Demo-Bridging-Header.h";
				SWIFT_VERSION = 3.0;
			};
			name = Release;
		};
/* End XCBuildConfiguration section */

/* Begin XCConfigurationList section */
		02B6807B1F174A2000DB7E42 /* Build configuration list for PBXProject "Demo" */ = {
			isa = XCConfigurationList;
			buildConfigurations = (
				02B680901F174A2000DB7E42 /* Debug */,
				02B680911F174A2000DB7E42 /* Release */,
			);
			defaultConfigurationIsVisible = 0;
			defaultConfigurationName = Release;
		};
		02B680921F174A2000DB7E42 /* Build configuration list for PBXNativeTarget "Demo" */ = {
			isa = XCConfigurationList;
			buildConfigurations = (
				02B680931F174A2000DB7E42 /* Debug */,
				02B680941F174A2000DB7E42 /* Release */,
			);
			defaultConfigurationIsVisible = 0;
			defaultConfigurationName = Release;
		};
/* End XCConfigurationList section */
	};
	rootObject = 02B680781F174A2000DB7E42 /* Project object */;
}
